// !$*UTF8*$!
{
	archiveVersion = 1;
	classes = {
	};
	objectVersion = 56;
	objects = {

/* Begin PBXBuildFile section */
		35A495C7732FB110FA18C6B2 /* Pods_Meal.framework in Frameworks */ = {isa = PBXBuildFile; fileRef = 0496FA8B87DD497CA106037F /* Pods_Meal.framework */; };
		B5BF86672A37FFAE001BAB8B /* GenerateVC.swift in Sources */ = {isa = PBXBuildFile; fileRef = B5BF86662A37FFAE001BAB8B /* GenerateVC.swift */; };
		B5BF866A2A38085F001BAB8B /* TableViewCell.swift in Sources */ = {isa = PBXBuildFile; fileRef = B5BF86682A38085F001BAB8B /* TableViewCell.swift */; };
		B5BF866B2A38085F001BAB8B /* TableViewCell.xib in Resources */ = {isa = PBXBuildFile; fileRef = B5BF86692A38085F001BAB8B /* TableViewCell.xib */; };
		B5F380FF2A359BF500A5A764 /* AppDelegate.swift in Sources */ = {isa = PBXBuildFile; fileRef = B5F380FE2A359BF500A5A764 /* AppDelegate.swift */; };
		B5F381012A359BF500A5A764 /* SceneDelegate.swift in Sources */ = {isa = PBXBuildFile; fileRef = B5F381002A359BF500A5A764 /* SceneDelegate.swift */; };
		B5F381062A359BF500A5A764 /* Main.storyboard in Resources */ = {isa = PBXBuildFile; fileRef = B5F381042A359BF500A5A764 /* Main.storyboard */; };
		B5F381082A359BF800A5A764 /* Assets.xcassets in Resources */ = {isa = PBXBuildFile; fileRef = B5F381072A359BF800A5A764 /* Assets.xcassets */; };
		B5F3810B2A359BF800A5A764 /* LaunchScreen.storyboard in Resources */ = {isa = PBXBuildFile; fileRef = B5F381092A359BF800A5A764 /* LaunchScreen.storyboard */; };
		B5F381132A359C3100A5A764 /* MealController.swift in Sources */ = {isa = PBXBuildFile; fileRef = B5F381122A359C3100A5A764 /* MealController.swift */; };
		B5F381152A359C4D00A5A764 /* MealViewModel.swift in Sources */ = {isa = PBXBuildFile; fileRef = B5F381142A359C4D00A5A764 /* MealViewModel.swift */; };
		B5F381172A359CC400A5A764 /* MealViewModelProtocol.swift in Sources */ = {isa = PBXBuildFile; fileRef = B5F381162A359CC400A5A764 /* MealViewModelProtocol.swift */; };
		B5F381192A359CDB00A5A764 /* MealModel.swift in Sources */ = {isa = PBXBuildFile; fileRef = B5F381182A359CDB00A5A764 /* MealModel.swift */; };
		B5F3811C2A35A7E300A5A764 /* MealCategoriesCell.swift in Sources */ = {isa = PBXBuildFile; fileRef = B5F3811A2A35A7E300A5A764 /* MealCategoriesCell.swift */; };
		B5F3811D2A35A7E300A5A764 /* MealCategoriesCell.xib in Resources */ = {isa = PBXBuildFile; fileRef = B5F3811B2A35A7E300A5A764 /* MealCategoriesCell.xib */; };
		B5F381202A35CF1E00A5A764 /* Header.swift in Sources */ = {isa = PBXBuildFile; fileRef = B5F3811E2A35CF1E00A5A764 /* Header.swift */; };
		B5F381212A35CF1E00A5A764 /* Header.xib in Resources */ = {isa = PBXBuildFile; fileRef = B5F3811F2A35CF1E00A5A764 /* Header.xib */; };
/* End PBXBuildFile section */

/* Begin PBXFileReference section */
		0496FA8B87DD497CA106037F /* Pods_Meal.framework */ = {isa = PBXFileReference; explicitFileType = wrapper.framework; includeInIndex = 0; path = Pods_Meal.framework; sourceTree = BUILT_PRODUCTS_DIR; };
		04EE4584AD60BB4189817721 /* Pods-Meal.debug.xcconfig */ = {isa = PBXFileReference; includeInIndex = 1; lastKnownFileType = text.xcconfig; name = "Pods-Meal.debug.xcconfig"; path = "Target Support Files/Pods-Meal/Pods-Meal.debug.xcconfig"; sourceTree = "<group>"; };
		B5BF86662A37FFAE001BAB8B /* GenerateVC.swift */ = {isa = PBXFileReference; lastKnownFileType = sourcecode.swift; path = GenerateVC.swift; sourceTree = "<group>"; };
		B5BF86682A38085F001BAB8B /* TableViewCell.swift */ = {isa = PBXFileReference; lastKnownFileType = sourcecode.swift; path = TableViewCell.swift; sourceTree = "<group>"; };
		B5BF86692A38085F001BAB8B /* TableViewCell.xib */ = {isa = PBXFileReference; lastKnownFileType = file.xib; path = TableViewCell.xib; sourceTree = "<group>"; };
		B5F380FB2A359BF500A5A764 /* Meal.app */ = {isa = PBXFileReference; explicitFileType = wrapper.application; includeInIndex = 0; path = Meal.app; sourceTree = BUILT_PRODUCTS_DIR; };
		B5F380FE2A359BF500A5A764 /* AppDelegate.swift */ = {isa = PBXFileReference; lastKnownFileType = sourcecode.swift; path = AppDelegate.swift; sourceTree = "<group>"; };
		B5F381002A359BF500A5A764 /* SceneDelegate.swift */ = {isa = PBXFileReference; lastKnownFileType = sourcecode.swift; path = SceneDelegate.swift; sourceTree = "<group>"; };
		B5F381052A359BF500A5A764 /* Base */ = {isa = PBXFileReference; lastKnownFileType = file.storyboard; name = Base; path = Base.lproj/Main.storyboard; sourceTree = "<group>"; };
		B5F381072A359BF800A5A764 /* Assets.xcassets */ = {isa = PBXFileReference; lastKnownFileType = folder.assetcatalog; path = Assets.xcassets; sourceTree = "<group>"; };
		B5F3810A2A359BF800A5A764 /* Base */ = {isa = PBXFileReference; lastKnownFileType = file.storyboard; name = Base; path = Base.lproj/LaunchScreen.storyboard; sourceTree = "<group>"; };
		B5F3810C2A359BF800A5A764 /* Info.plist */ = {isa = PBXFileReference; lastKnownFileType = text.plist.xml; path = Info.plist; sourceTree = "<group>"; };
		B5F381122A359C3100A5A764 /* MealController.swift */ = {isa = PBXFileReference; lastKnownFileType = sourcecode.swift; path = MealController.swift; sourceTree = "<group>"; };
		B5F381142A359C4D00A5A764 /* MealViewModel.swift */ = {isa = PBXFileReference; lastKnownFileType = sourcecode.swift; path = MealViewModel.swift; sourceTree = "<group>"; };
		B5F381162A359CC400A5A764 /* MealViewModelProtocol.swift */ = {isa = PBXFileReference; lastKnownFileType = sourcecode.swift; path = MealViewModelProtocol.swift; sourceTree = "<group>"; };
		B5F381182A359CDB00A5A764 /* MealModel.swift */ = {isa = PBXFileReference; lastKnownFileType = sourcecode.swift; path = MealModel.swift; sourceTree = "<group>"; };
		B5F3811A2A35A7E300A5A764 /* MealCategoriesCell.swift */ = {isa = PBXFileReference; lastKnownFileType = sourcecode.swift; path = MealCategoriesCell.swift; sourceTree = "<group>"; };
		B5F3811B2A35A7E300A5A764 /* MealCategoriesCell.xib */ = {isa = PBXFileReference; lastKnownFileType = file.xib; path = MealCategoriesCell.xib; sourceTree = "<group>"; };
		B5F3811E2A35CF1E00A5A764 /* Header.swift */ = {isa = PBXFileReference; lastKnownFileType = sourcecode.swift; path = Header.swift; sourceTree = "<group>"; };
		B5F3811F2A35CF1E00A5A764 /* Header.xib */ = {isa = PBXFileReference; lastKnownFileType = file.xib; path = Header.xib; sourceTree = "<group>"; };
		EAB04B62E18A6935FA6A28F3 /* Pods-Meal.release.xcconfig */ = {isa = PBXFileReference; includeInIndex = 1; lastKnownFileType = text.xcconfig; name = "Pods-Meal.release.xcconfig"; path = "Target Support Files/Pods-Meal/Pods-Meal.release.xcconfig"; sourceTree = "<group>"; };
/* End PBXFileReference section */

/* Begin PBXFrameworksBuildPhase section */
		B5F380F82A359BF500A5A764 /* Frameworks */ = {
			isa = PBXFrameworksBuildPhase;
			buildActionMask = 2147483647;
			files = (
				35A495C7732FB110FA18C6B2 /* Pods_Meal.framework in Frameworks */,
			);
			runOnlyForDeploymentPostprocessing = 0;
		};
/* End PBXFrameworksBuildPhase section */

/* Begin PBXGroup section */
		A50EA00CAF5C62B86D8912A8 /* Pods */ = {
			isa = PBXGroup;
			children = (
				04EE4584AD60BB4189817721 /* Pods-Meal.debug.xcconfig */,
				EAB04B62E18A6935FA6A28F3 /* Pods-Meal.release.xcconfig */,
			);
			path = Pods;
			sourceTree = "<group>";
		};
		B5F380F22A359BF500A5A764 = {
			isa = PBXGroup;
			children = (
				B5F380FD2A359BF500A5A764 /* Meal */,
				B5F380FC2A359BF500A5A764 /* Products */,
				A50EA00CAF5C62B86D8912A8 /* Pods */,
				F9D06EAAD2BEC6F8319B58AC /* Frameworks */,
			);
			sourceTree = "<group>";
		};
		B5F380FC2A359BF500A5A764 /* Products */ = {
			isa = PBXGroup;
			children = (
				B5F380FB2A359BF500A5A764 /* Meal.app */,
			);
			name = Products;
			sourceTree = "<group>";
		};
		B5F380FD2A359BF500A5A764 /* Meal */ = {
			isa = PBXGroup;
			children = (
				B5F380FE2A359BF500A5A764 /* AppDelegate.swift */,
				B5F381002A359BF500A5A764 /* SceneDelegate.swift */,
				B5F381042A359BF500A5A764 /* Main.storyboard */,
				B5F381072A359BF800A5A764 /* Assets.xcassets */,
				B5F381092A359BF800A5A764 /* LaunchScreen.storyboard */,
				B5F3810C2A359BF800A5A764 /* Info.plist */,
				B5F381122A359C3100A5A764 /* MealController.swift */,
				B5F381142A359C4D00A5A764 /* MealViewModel.swift */,
				B5F381162A359CC400A5A764 /* MealViewModelProtocol.swift */,
				B5F381182A359CDB00A5A764 /* MealModel.swift */,
				B5F3811A2A35A7E300A5A764 /* MealCategoriesCell.swift */,
				B5F3811B2A35A7E300A5A764 /* MealCategoriesCell.xib */,
				B5F3811E2A35CF1E00A5A764 /* Header.swift */,
				B5F3811F2A35CF1E00A5A764 /* Header.xib */,
				B5BF86662A37FFAE001BAB8B /* GenerateVC.swift */,
				B5BF86682A38085F001BAB8B /* TableViewCell.swift */,
				B5BF86692A38085F001BAB8B /* TableViewCell.xib */,
			);
			path = Meal;
			sourceTree = "<group>";
		};
		F9D06EAAD2BEC6F8319B58AC /* Frameworks */ = {
			isa = PBXGroup;
			children = (
				0496FA8B87DD497CA106037F /* Pods_Meal.framework */,
			);
			name = Frameworks;
			sourceTree = "<group>";
		};
/* End PBXGroup section */

/* Begin PBXNativeTarget section */
		B5F380FA2A359BF500A5A764 /* Meal */ = {
			isa = PBXNativeTarget;
			buildConfigurationList = B5F3810F2A359BF800A5A764 /* Build configuration list for PBXNativeTarget "Meal" */;
			buildPhases = (
				6F07675E40E126558C578BB9 /* [CP] Check Pods Manifest.lock */,
				B5F380F72A359BF500A5A764 /* Sources */,
				B5F380F82A359BF500A5A764 /* Frameworks */,
				B5F380F92A359BF500A5A764 /* Resources */,
				68A732B1159D83C32C8FA00D /* [CP] Embed Pods Frameworks */,
			);
			buildRules = (
			);
			dependencies = (
			);
			name = Meal;
			productName = Meal;
			productReference = B5F380FB2A359BF500A5A764 /* Meal.app */;
			productType = "com.apple.product-type.application";
		};
/* End PBXNativeTarget section */

/* Begin PBXProject section */
		B5F380F32A359BF500A5A764 /* Project object */ = {
			isa = PBXProject;
			attributes = {
				BuildIndependentTargetsInParallel = 1;
				LastSwiftUpdateCheck = 1430;
				LastUpgradeCheck = 1430;
				TargetAttributes = {
					B5F380FA2A359BF500A5A764 = {
						CreatedOnToolsVersion = 14.3;
					};
				};
			};
			buildConfigurationList = B5F380F62A359BF500A5A764 /* Build configuration list for PBXProject "Meal" */;
			compatibilityVersion = "Xcode 14.0";
			developmentRegion = en;
			hasScannedForEncodings = 0;
			knownRegions = (
				en,
				Base,
			);
			mainGroup = B5F380F22A359BF500A5A764;
			productRefGroup = B5F380FC2A359BF500A5A764 /* Products */;
			projectDirPath = "";
			projectRoot = "";
			targets = (
				B5F380FA2A359BF500A5A764 /* Meal */,
			);
		};
/* End PBXProject section */

/* Begin PBXResourcesBuildPhase section */
		B5F380F92A359BF500A5A764 /* Resources */ = {
			isa = PBXResourcesBuildPhase;
			buildActionMask = 2147483647;
			files = (
				B5F3811D2A35A7E300A5A764 /* MealCategoriesCell.xib in Resources */,
				B5BF866B2A38085F001BAB8B /* TableViewCell.xib in Resources */,
				B5F381212A35CF1E00A5A764 /* Header.xib in Resources */,
				B5F3810B2A359BF800A5A764 /* LaunchScreen.storyboard in Resources */,
				B5F381082A359BF800A5A764 /* Assets.xcassets in Resources */,
				B5F381062A359BF500A5A764 /* Main.storyboard in Resources */,
			);
			runOnlyForDeploymentPostprocessing = 0;
		};
/* End PBXResourcesBuildPhase section */

/* Begin PBXShellScriptBuildPhase section */
		68A732B1159D83C32C8FA00D /* [CP] Embed Pods Frameworks */ = {
			isa = PBXShellScriptBuildPhase;
			buildActionMask = 2147483647;
			files = (
			);
			inputFileListPaths = (
				"${PODS_ROOT}/Target Support Files/Pods-Meal/Pods-Meal-frameworks-${CONFIGURATION}-input-files.xcfilelist",
			);
			name = "[CP] Embed Pods Frameworks";
			outputFileListPaths = (
				"${PODS_ROOT}/Target Support Files/Pods-Meal/Pods-Meal-frameworks-${CONFIGURATION}-output-files.xcfilelist",
			);
			runOnlyForDeploymentPostprocessing = 0;
			shellPath = /bin/sh;
			shellScript = "\"${PODS_ROOT}/Target Support Files/Pods-Meal/Pods-Meal-frameworks.sh\"\n";
			showEnvVarsInLog = 0;
		};
		6F07675E40E126558C578BB9 /* [CP] Check Pods Manifest.lock */ = {
			isa = PBXShellScriptBuildPhase;
			buildActionMask = 2147483647;
			files = (
			);
			inputFileListPaths = (
			);
			inputPaths = (
				"${PODS_PODFILE_DIR_PATH}/Podfile.lock",
				"${PODS_ROOT}/Manifest.lock",
			);
			name = "[CP] Check Pods Manifest.lock";
			outputFileListPaths = (
			);
			outputPaths = (
				"$(DERIVED_FILE_DIR)/Pods-Meal-checkManifestLockResult.txt",
			);
			runOnlyForDeploymentPostprocessing = 0;
			shellPath = /bin/sh;
			shellScript = "diff \"${PODS_PODFILE_DIR_PATH}/Podfile.lock\" \"${PODS_ROOT}/Manifest.lock\" > /dev/null\nif [ $? != 0 ] ; then\n    # print error to STDERR\n    echo \"error: The sandbox is not in sync with the Podfile.lock. Run 'pod install' or update your CocoaPods installation.\" >&2\n    exit 1\nfi\n# This output is used by Xcode 'outputs' to avoid re-running this script phase.\necho \"SUCCESS\" > \"${SCRIPT_OUTPUT_FILE_0}\"\n";
			showEnvVarsInLog = 0;
		};
/* End PBXShellScriptBuildPhase section */

/* Begin PBXSourcesBuildPhase section */
		B5F380F72A359BF500A5A764 /* Sources */ = {
			isa = PBXSourcesBuildPhase;
			buildActionMask = 2147483647;
			files = (
				B5F381202A35CF1E00A5A764 /* Header.swift in Sources */,
				B5F381192A359CDB00A5A764 /* MealModel.swift in Sources */,
				B5F3811C2A35A7E300A5A764 /* MealCategoriesCell.swift in Sources */,
				B5F381152A359C4D00A5A764 /* MealViewModel.swift in Sources */,
				B5F380FF2A359BF500A5A764 /* AppDelegate.swift in Sources */,
				B5BF866A2A38085F001BAB8B /* TableViewCell.swift in Sources */,
				B5F381132A359C3100A5A764 /* MealController.swift in Sources */,
				B5BF86672A37FFAE001BAB8B /* GenerateVC.swift in Sources */,
				B5F381012A359BF500A5A764 /* SceneDelegate.swift in Sources */,
				B5F381172A359CC400A5A764 /* MealViewModelProtocol.swift in Sources */,
			);
			runOnlyForDeploymentPostprocessing = 0;
		};
/* End PBXSourcesBuildPhase section */

/* Begin PBXVariantGroup section */
		B5F381042A359BF500A5A764 /* Main.storyboard */ = {
			isa = PBXVariantGroup;
			children = (
				B5F381052A359BF500A5A764 /* Base */,
			);
			name = Main.storyboard;
			sourceTree = "<group>";
		};
		B5F381092A359BF800A5A764 /* LaunchScreen.storyboard */ = {
			isa = PBXVariantGroup;
			children = (
				B5F3810A2A359BF800A5A764 /* Base */,
			);
			name = LaunchScreen.storyboard;
			sourceTree = "<group>";
		};
/* End PBXVariantGroup section */

/* Begin XCBuildConfiguration section */
		B5F3810D2A359BF800A5A764 /* Debug */ = {
			isa = XCBuildConfiguration;
			buildSettings = {
				ALWAYS_SEARCH_USER_PATHS = NO;
				CLANG_ANALYZER_NONNULL = YES;
				CLANG_ANALYZER_NUMBER_OBJECT_CONVERSION = YES_AGGRESSIVE;
				CLANG_CXX_LANGUAGE_STANDARD = "gnu++20";
				CLANG_ENABLE_MODULES = YES;
				CLANG_ENABLE_OBJC_ARC = YES;
				CLANG_ENABLE_OBJC_WEAK = YES;
				CLANG_WARN_BLOCK_CAPTURE_AUTORELEASING = YES;
				CLANG_WARN_BOOL_CONVERSION = YES;
				CLANG_WARN_COMMA = YES;
				CLANG_WARN_CONSTANT_CONVERSION = YES;
				CLANG_WARN_DEPRECATED_OBJC_IMPLEMENTATIONS = YES;
				CLANG_WARN_DIRECT_OBJC_ISA_USAGE = YES_ERROR;
				CLANG_WARN_DOCUMENTATION_COMMENTS = YES;
				CLANG_WARN_EMPTY_BODY = YES;
				CLANG_WARN_ENUM_CONVERSION = YES;
				CLANG_WARN_INFINITE_RECURSION = YES;
				CLANG_WARN_INT_CONVERSION = YES;
				CLANG_WARN_NON_LITERAL_NULL_CONVERSION = YES;
				CLANG_WARN_OBJC_IMPLICIT_RETAIN_SELF = YES;
				CLANG_WARN_OBJC_LITERAL_CONVERSION = YES;
				CLANG_WARN_OBJC_ROOT_CLASS = YES_ERROR;
				CLANG_WARN_QUOTED_INCLUDE_IN_FRAMEWORK_HEADER = YES;
				CLANG_WARN_RANGE_LOOP_ANALYSIS = YES;
				CLANG_WARN_STRICT_PROTOTYPES = YES;
				CLANG_WARN_SUSPICIOUS_MOVE = YES;
				CLANG_WARN_UNGUARDED_AVAILABILITY = YES_AGGRESSIVE;
				CLANG_WARN_UNREACHABLE_CODE = YES;
				CLANG_WARN__DUPLICATE_METHOD_MATCH = YES;
				COPY_PHASE_STRIP = NO;
				DEBUG_INFORMATION_FORMAT = dwarf;
				ENABLE_STRICT_OBJC_MSGSEND = YES;
				ENABLE_TESTABILITY = YES;
				GCC_C_LANGUAGE_STANDARD = gnu11;
				GCC_DYNAMIC_NO_PIC = NO;
				GCC_NO_COMMON_BLOCKS = YES;
				GCC_OPTIMIZATION_LEVEL = 0;
				GCC_PREPROCESSOR_DEFINITIONS = (
					"DEBUG=1",
					"$(inherited)",
				);
				GCC_WARN_64_TO_32_BIT_CONVERSION = YES;
				GCC_WARN_ABOUT_RETURN_TYPE = YES_ERROR;
				GCC_WARN_UNDECLARED_SELECTOR = YES;
				GCC_WARN_UNINITIALIZED_AUTOS = YES_AGGRESSIVE;
				GCC_WARN_UNUSED_FUNCTION = YES;
				GCC_WARN_UNUSED_VARIABLE = YES;
				IPHONEOS_DEPLOYMENT_TARGET = 16.4;
				MTL_ENABLE_DEBUG_INFO = INCLUDE_SOURCE;
				MTL_FAST_MATH = YES;
				ONLY_ACTIVE_ARCH = YES;
				SDKROOT = iphoneos;
				SWIFT_ACTIVE_COMPILATION_CONDITIONS = DEBUG;
				SWIFT_OPTIMIZATION_LEVEL = "-Onone";
			};
			name = Debug;
		};
		B5F3810E2A359BF800A5A764 /* Release */ = {
			isa = XCBuildConfiguration;
			buildSettings = {
				ALWAYS_SEARCH_USER_PATHS = NO;
				CLANG_ANALYZER_NONNULL = YES;
				CLANG_ANALYZER_NUMBER_OBJECT_CONVERSION = YES_AGGRESSIVE;
				CLANG_CXX_LANGUAGE_STANDARD = "gnu++20";
				CLANG_ENABLE_MODULES = YES;
				CLANG_ENABLE_OBJC_ARC = YES;
				CLANG_ENABLE_OBJC_WEAK = YES;
				CLANG_WARN_BLOCK_CAPTURE_AUTORELEASING = YES;
				CLANG_WARN_BOOL_CONVERSION = YES;
				CLANG_WARN_COMMA = YES;
				CLANG_WARN_CONSTANT_CONVERSION = YES;
				CLANG_WARN_DEPRECATED_OBJC_IMPLEMENTATIONS = YES;
				CLANG_WARN_DIRECT_OBJC_ISA_USAGE = YES_ERROR;
				CLANG_WARN_DOCUMENTATION_COMMENTS = YES;
				CLANG_WARN_EMPTY_BODY = YES;
				CLANG_WARN_ENUM_CONVERSION = YES;
				CLANG_WARN_INFINITE_RECURSION = YES;
				CLANG_WARN_INT_CONVERSION = YES;
				CLANG_WARN_NON_LITERAL_NULL_CONVERSION = YES;
				CLANG_WARN_OBJC_IMPLICIT_RETAIN_SELF = YES;
				CLANG_WARN_OBJC_LITERAL_CONVERSION = YES;
				CLANG_WARN_OBJC_ROOT_CLASS = YES_ERROR;
				CLANG_WARN_QUOTED_INCLUDE_IN_FRAMEWORK_HEADER = YES;
				CLANG_WARN_RANGE_LOOP_ANALYSIS = YES;
				CLANG_WARN_STRICT_PROTOTYPES = YES;
				CLANG_WARN_SUSPICIOUS_MOVE = YES;
				CLANG_WARN_UNGUARDED_AVAILABILITY = YES_AGGRESSIVE;
				CLANG_WARN_UNREACHABLE_CODE = YES;
				CLANG_WARN__DUPLICATE_METHOD_MATCH = YES;
				COPY_PHASE_STRIP = NO;
				DEBUG_INFORMATION_FORMAT = "dwarf-with-dsym";
				ENABLE_NS_ASSERTIONS = NO;
				ENABLE_STRICT_OBJC_MSGSEND = YES;
				GCC_C_LANGUAGE_STANDARD = gnu11;
				GCC_NO_COMMON_BLOCKS = YES;
				GCC_WARN_64_TO_32_BIT_CONVERSION = YES;
				GCC_WARN_ABOUT_RETURN_TYPE = YES_ERROR;
				GCC_WARN_UNDECLARED_SELECTOR = YES;
				GCC_WARN_UNINITIALIZED_AUTOS = YES_AGGRESSIVE;
				GCC_WARN_UNUSED_FUNCTION = YES;
				GCC_WARN_UNUSED_VARIABLE = YES;
				IPHONEOS_DEPLOYMENT_TARGET = 16.4;
				MTL_ENABLE_DEBUG_INFO = NO;
				MTL_FAST_MATH = YES;
				SDKROOT = iphoneos;
				SWIFT_COMPILATION_MODE = wholemodule;
				SWIFT_OPTIMIZATION_LEVEL = "-O";
				VALIDATE_PRODUCT = YES;
			};
			name = Release;
		};
		B5F381102A359BF800A5A764 /* Debug */ = {
			isa = XCBuildConfiguration;
			baseConfigurationReference = 04EE4584AD60BB4189817721 /* Pods-Meal.debug.xcconfig */;
			buildSettings = {
				ASSETCATALOG_COMPILER_APPICON_NAME = AppIcon;
				ASSETCATALOG_COMPILER_GLOBAL_ACCENT_COLOR_NAME = AccentColor;
				CODE_SIGN_STYLE = Automatic;
				CURRENT_PROJECT_VERSION = 1;
				DEVELOPMENT_TEAM = 7JG62S5C39;
				GENERATE_INFOPLIST_FILE = YES;
				INFOPLIST_FILE = Meal/Info.plist;
				INFOPLIST_KEY_UIApplicationSupportsIndirectInputEvents = YES;
				INFOPLIST_KEY_UILaunchStoryboardName = LaunchScreen;
				INFOPLIST_KEY_UIMainStoryboardFile = Main;
				INFOPLIST_KEY_UISupportedInterfaceOrientations_iPad = "UIInterfaceOrientationPortrait UIInterfaceOrientationPortraitUpsideDown UIInterfaceOrientationLandscapeLeft UIInterfaceOrientationLandscapeRight";
				INFOPLIST_KEY_UISupportedInterfaceOrientations_iPhone = "UIInterfaceOrientationPortrait UIInterfaceOrientationLandscapeLeft UIInterfaceOrientationLandscapeRight";
				IPHONEOS_DEPLOYMENT_TARGET = 15.0;
				LD_RUNPATH_SEARCH_PATHS = (
					"$(inherited)",
					"@executable_path/Frameworks",
				);
				MARKETING_VERSION = 1.0;
				PRODUCT_BUNDLE_IDENTIFIER = Ocean.Meal;
				PRODUCT_NAME = "$(TARGET_NAME)";
				SWIFT_EMIT_LOC_STRINGS = YES;
				SWIFT_VERSION = 5.0;
				TARGETED_DEVICE_FAMILY = "1,2";
			};
			name = Debug;
		};
		B5F381112A359BF800A5A764 /* Release */ = {
			isa = XCBuildConfiguration;
			baseConfigurationReference = EAB04B62E18A6935FA6A28F3 /* Pods-Meal.release.xcconfig */;
			buildSettings = {
				ASSETCATALOG_COMPILER_APPICON_NAME = AppIcon;
				ASSETCATALOG_COMPILER_GLOBAL_ACCENT_COLOR_NAME = AccentColor;
				CODE_SIGN_STYLE = Automatic;
				CURRENT_PROJECT_VERSION = 1;
				DEVELOPMENT_TEAM = 7JG62S5C39;
				GENERATE_INFOPLIST_FILE = YES;
				INFOPLIST_FILE = Meal/Info.plist;
				INFOPLIST_KEY_UIApplicationSupportsIndirectInputEvents = YES;
				INFOPLIST_KEY_UILaunchStoryboardName = LaunchScreen;
				INFOPLIST_KEY_UIMainStoryboardFile = Main;
				INFOPLIST_KEY_UISupportedInterfaceOrientations_iPad = "UIInterfaceOrientationPortrait UIInterfaceOrientationPortraitUpsideDown UIInterfaceOrientationLandscapeLeft UIInterfaceOrientationLandscapeRight";
				INFOPLIST_KEY_UISupportedInterfaceOrientations_iPhone = "UIInterfaceOrientationPortrait UIInterfaceOrientationLandscapeLeft UIInterfaceOrientationLandscapeRight";
				IPHONEOS_DEPLOYMENT_TARGET = 15.0;
				LD_RUNPATH_SEARCH_PATHS = (
					"$(inherited)",
					"@executable_path/Frameworks",
				);
				MARKETING_VERSION = 1.0;
				PRODUCT_BUNDLE_IDENTIFIER = Ocean.Meal;
				PRODUCT_NAME = "$(TARGET_NAME)";
				SWIFT_EMIT_LOC_STRINGS = YES;
				SWIFT_VERSION = 5.0;
				TARGETED_DEVICE_FAMILY = "1,2";
			};
			name = Release;
		};
/* End XCBuildConfiguration section */

/* Begin XCConfigurationList section */
		B5F380F62A359BF500A5A764 /* Build configuration list for PBXProject "Meal" */ = {
			isa = XCConfigurationList;
			buildConfigurations = (
				B5F3810D2A359BF800A5A764 /* Debug */,
				B5F3810E2A359BF800A5A764 /* Release */,
			);
			defaultConfigurationIsVisible = 0;
			defaultConfigurationName = Release;
		};
		B5F3810F2A359BF800A5A764 /* Build configuration list for PBXNativeTarget "Meal" */ = {
			isa = XCConfigurationList;
			buildConfigurations = (
				B5F381102A359BF800A5A764 /* Debug */,
				B5F381112A359BF800A5A764 /* Release */,
			);
			defaultConfigurationIsVisible = 0;
			defaultConfigurationName = Release;
		};
/* End XCConfigurationList section */
	};
	rootObject = B5F380F32A359BF500A5A764 /* Project object */;
}
